# This file is generated by running "yarn install" inside your project.
# Manual changes might be lost - proceed with caution!

__metadata:
  version: 3

"@babel/runtime@npm:^7.5.5":
  version: 7.5.5
  resolution: "@babel/runtime@npm:7.5.5"
  dependencies:
    regenerator-runtime: "npm:^0.13.2"
  checksum: c6fdc2e3b6ef5aa28d7652c6cdf4a97ffb5dfdfe519a86e296360695cebb0efe808171dc7e6a1fe97ea6fb97004a354fcd79a7daddb13871eb0a945a1225ffb5
  languageName: node
  linkType: hard

"hoist-non-react-statics@npm:^3.3.0":
  version: 3.3.0
  resolution: "hoist-non-react-statics@npm:3.3.0"
  dependencies:
    react-is: "npm:^16.7.0"
  checksum: 3908e8fb10006018d2de1b93c6679516ed334c060dedbd852b3a4fa7a2bd56d117d0d564cc955a3604dee5fac38eba5f445f9a1bd29cbe9c06a5ad6513ca6993
  languageName: node
  linkType: hard

"invariant@npm:^2.2.4":
  version: 2.2.4
  resolution: "invariant@npm:2.2.4"
  dependencies:
    loose-envify: "npm:^1.0.0"
  checksum: 00c7f0b22f7bf50d1d08c1d91817eb77bff6fb9ad94c6667866ef6291cf939f091aaacaa44bd3273a17b2d2cef57dd7678a48688ca3b979855ea4f7d5b3f73f5
  languageName: node
  linkType: hard

"js-tokens@npm:^3.0.0 || ^4.0.0":
  version: 4.0.0
  resolution: "js-tokens@npm:4.0.0"
  checksum: 6ca47816dfd1337e90a814fd7ac6dddd9e7a2380ccad951cdeeef5905b4b1ec491c101b899538d2db4901f495b2031462d5dfb369f7c76597bb8ba2c3e285d41
  languageName: node
  linkType: hard

"loose-envify@npm:^1.0.0, loose-envify@npm:^1.1.0, loose-envify@npm:^1.4.0":
  version: 1.4.0
  resolution: "loose-envify@npm:1.4.0"
  dependencies:
    js-tokens: "npm:^3.0.0 || ^4.0.0"
  bin:
    loose-envify: cli.js
  checksum: 9a3b8b5f216d7e8940a29f1a612669ce9b6eaf383993769da1c9f5a5c9ad751d6f6292462925f4326d58af6b7032581b1d7b61f275b922fda5b2bc70ce247988
  languageName: node
  linkType: hard

"object-assign@npm:^4.1.1":
  version: 4.1.1
  resolution: "object-assign@npm:4.1.1"
  checksum: 836dff7ecae859616f37c685863d60fc9ff19627b652f6f29fe2d711f26314d736075a250db81f8ebd4c480f23636392103898f9c8bb0b3b60baa1a255526b87
  languageName: node
  linkType: hard

"prop-types@npm:^15.6.2, prop-types@npm:^15.7.2":
  version: 15.7.2
  resolution: "prop-types@npm:15.7.2"
  dependencies:
    loose-envify: "npm:^1.4.0"
    object-assign: "npm:^4.1.1"
    react-is: "npm:^16.8.1"
  checksum: d766686af112ccf6fa37ffa1d10ff9b746e3f9dc55434ebe56727d38b4d8b413848780eabc767515483c40a533c255bec68a2cdbdafc06104a7f17bec7741d00
  languageName: node
  linkType: hard

"react-is@npm:^16.7.0, react-is@npm:^16.8.1, react-is@npm:^16.9.0":
  version: 16.9.0
  resolution: "react-is@npm:16.9.0"
  checksum: 8446cd970ba6787e140c7dcc1cc1f2adf0154d72ed4139e0697bc2c3da18cadc9ae8162c2e6352b6dd41c2bf95e1d57da3a62b8c706dac775cd6f421de426150
  languageName: node
  linkType: hard

"react-redux-berry@workspace:.":
  version: 0.0.0-use.local
  resolution: "react-redux-berry@workspace:."
  dependencies:
    react: "npm:^16.9.0"
    react-redux: "npm:^7.1.1"
    redux: "npm:^4.0.4"
  languageName: unknown
  linkType: soft

"react-redux@npm:^7.1.1":
  version: 7.1.1
  resolution: "react-redux@npm:7.1.1"
  dependencies:
    "@babel/runtime": "npm:^7.5.5"
    hoist-non-react-statics: "npm:^3.3.0"
    invariant: "npm:^2.2.4"
    loose-envify: "npm:^1.4.0"
    prop-types: "npm:^15.7.2"
    react-is: "npm:^16.9.0"
  peerDependencies:
    redux: ^2.0.0 || ^3.0.0 || ^4.0.0-0
  checksum: e213805e825124d1f60ec7a733463a4c2b19f64c9f7c260353498623edf5024026d12b062677623bb0c7f9f95f001501051d6e6f12d71b88c4c3179635947931
  languageName: node
  linkType: hard

"react@npm:^16.9.0":
  version: 16.9.0
  resolution: "react@npm:16.9.0"
  dependencies:
    loose-envify: "npm:^1.1.0"
    object-assign: "npm:^4.1.1"
    prop-types: "npm:^15.6.2"
  checksum: df923801678ebbeb56ad367121c05932f4d06898a831fff45c4b2feaec25236eb53b164eec41648262eb936234d73baf553e6035ebf71392ba658ee848a8500e
  languageName: node
  linkType: hard

"redux@npm:^4.0.4":
  version: 4.0.4
  resolution: "redux@npm:4.0.4"
  dependencies:
    loose-envify: "npm:^1.4.0"
    symbol-observable: "npm:^1.2.0"
  checksum: 5da1b923a83b3a62f31057f3106c70da4be11f6ef0cc46e024213da02d0ce65dc634c943e3c1e0ef3531f66b30bb24afe61546d86421cb93d918548059328568
  languageName: node
  linkType: hard

"regenerator-runtime@npm:^0.13.2":
  version: 0.13.3
  resolution: "regenerator-runtime@npm:0.13.3"
  checksum: bac6a839a5baf2b3f486bb14dce8c5f4f3073dafc522712c9d1be2b7e3770a16c4034d2f64fcfaadb1ccd6047848470d897b949a1313f21c69ef1497d71c0135
  languageName: node
  linkType: hard

"symbol-observable@npm:^1.2.0":
  version: 1.2.0
  resolution: "symbol-observable@npm:1.2.0"
  checksum: ae72b570fd11a4b905795518c18df9fe57accc615e362e86f852d4faf4d0ab1d7bfa80c85e72c4b321ec500d3f55daabdab6df2666bcb89ee738abf967599734
  languageName: node
  linkType: hard
